
Microsoft Visual Studio Solution File, Format Version 12.00
# Visual Studio 15
VisualStudioVersion = 15.0.26430.12
MinimumVisualStudioVersion = 10.0.40219.1
Project("{FAE04EC0-301F-11D3-BF4B-00C04F79EFBC}") = "RestApiPrism", "RestApiPrism\RestApiPrism\RestApiPrism.csproj", "{1450ED02-A57E-451F-9C1E-34D46E946E21}"
EndProject
Project("{FAE04EC0-301F-11D3-BF4B-00C04F79EFBC}") = "RestApiPrism.Droid", "RestApiPrism\RestApiPrism.Droid\RestApiPrism.Droid.csproj", "{AF66B153-E6CB-43F7-B409-B29C0A2DBCED}"
EndProject
Global
	GlobalSection(SolutionConfigurationPlatforms) = preSolution
		Debug|Any CPU = Debug|Any CPU
		Release|Any CPU = Release|Any CPU
	EndGlobalSection
	GlobalSection(ProjectConfigurationPlatforms) = postSolution
		{1450ED02-A57E-451F-9C1E-34D46E946E21}.Debug|Any CPU.ActiveCfg = Debug|Any CPU
		{1450ED02-A57E-451F-9C1E-34D46E946E21}.Debug|Any CPU.Build.0 = Debug|Any CPU
		{1450ED02-A57E-451F-9C1E-34D46E946E21}.Release|Any CPU.ActiveCfg = Release|Any CPU
		{1450ED02-A57E-451F-9C1E-34D46E946E21}.Release|Any CPU.Build.0 = Release|Any CPU
		{AF66B153-E6CB-43F7-B409-B29C0A2DBCED}.Debug|Any CPU.ActiveCfg = Debug|Any CPU
		{AF66B153-E6CB-43F7-B409-B29C0A2DBCED}.Debug|Any CPU.Build.0 = Debug|Any CPU
		{AF66B153-E6CB-43F7-B409-B29C0A2DBCED}.Debug|Any CPU.Deploy.0 = Debug|Any CPU
		{AF66B153-E6CB-43F7-B409-B29C0A2DBCED}.Release|Any CPU.ActiveCfg = Release|Any CPU
		{AF66B153-E6CB-43F7-B409-B29C0A2DBCED}.Release|Any CPU.Build.0 = Release|Any CPU
		{AF66B153-E6CB-43F7-B409-B29C0A2DBCED}.Release|Any CPU.Deploy.0 = Release|Any CPU
	EndGlobalSection
	GlobalSection(SolutionProperties) = preSolution
		HideSolutionNode = FALSE
	EndGlobalSection
EndGlobal
